<Solution>
  <Project Path="proys002/proys002.csproj" />
  <Project Path="proys002b/proys002b.csproj" />
  <Project Path="proys002c/proys002c.csproj" />
  <Project Path="proys002d/proys002d.csproj" />
  <Project Path="proys002e/proys002e.csproj" />
  <Project Path="proys002f/proys002f.csproj" />
  <Project Path="proys002fa/proys002fa.csproj" />
</Solution>
